
Microsoft Visual Studio Solution File, Format Version 12.00
# Visual Studio Version 16
VisualStudioVersion = 16.0.31613.86
MinimumVisualStudioVersion = 10.0.40219.1
Project("{FAE04EC0-301F-11D3-BF4B-00C04F79EFBC}") = "WhatToWear", "WhatToWear\WhatToWear.csproj", "{3A9F6E65-5A45-4B0B-878F-D1FC985C9FA9}"
EndProject
Global
	GlobalSection(SolutionConfigurationPlatforms) = preSolution
		Debug|Any CPU = Debug|Any CPU
		Release|Any CPU = Release|Any CPU
	EndGlobalSection
	GlobalSection(ProjectConfigurationPlatforms) = postSolution
		{3A9F6E65-5A45-4B0B-878F-D1FC985C9FA9}.Debug|Any CPU.ActiveCfg = Debug|Any CPU
		{3A9F6E65-5A45-4B0B-878F-D1FC985C9FA9}.Debug|Any CPU.Build.0 = Debug|Any CPU
		{3A9F6E65-5A45-4B0B-878F-D1FC985C9FA9}.Release|Any CPU.ActiveCfg = Release|Any CPU
		{3A9F6E65-5A45-4B0B-878F-D1FC985C9FA9}.Release|Any CPU.Build.0 = Release|Any CPU
	EndGlobalSection
	GlobalSection(SolutionProperties) = preSolution
		HideSolutionNode = FALSE
	EndGlobalSection
	GlobalSection(ExtensibilityGlobals) = postSolution
		SolutionGuid = {6D33171C-7143-4ADA-AA3D-D891EF6F1657}
	EndGlobalSection
EndGlobal
